{
  "name": "rtsp-overlay-frontend",
  "lockfileVersion": 2,
  "requires": true,
  "packages": {
    "": {
      "name": "rtsp-overlay-frontend",
      "version": "1.0.0",
      "dependencies": {
        "react": "^18.2.0",
        "react-dom": "^18.2.0",
        "video.js": "^8.9.0"
      }
    }
  }
}